
Microsoft Visual Studio Solution File, Format Version 12.00
# Visual Studio Version 16
VisualStudioVersion = 16.0.30621.155
MinimumVisualStudioVersion = 10.0.40219.1
Project("{FAE04EC0-301F-11D3-BF4B-00C04F79EFBC}") = "SQLServer_DataGridView_CSharp", "SQLServer_DataGridView_CSharp\SQLServer_DataGridView_CSharp.csproj", "{6AEFEFD6-C324-4E88-9B3B-5140A7548069}"
EndProject
Global
	GlobalSection(SolutionConfigurationPlatforms) = preSolution
		Debug|Any CPU = Debug|Any CPU
		Release|Any CPU = Release|Any CPU
	EndGlobalSection
	GlobalSection(ProjectConfigurationPlatforms) = postSolution
		{6AEFEFD6-C324-4E88-9B3B-5140A7548069}.Debug|Any CPU.ActiveCfg = Debug|Any CPU
		{6AEFEFD6-C324-4E88-9B3B-5140A7548069}.Debug|Any CPU.Build.0 = Debug|Any CPU
		{6AEFEFD6-C324-4E88-9B3B-5140A7548069}.Release|Any CPU.ActiveCfg = Release|Any CPU
		{6AEFEFD6-C324-4E88-9B3B-5140A7548069}.Release|Any CPU.Build.0 = Release|Any CPU
	EndGlobalSection
	GlobalSection(SolutionProperties) = preSolution
		HideSolutionNode = FALSE
	EndGlobalSection
	GlobalSection(ExtensibilityGlobals) = postSolution
		SolutionGuid = {9A6795B5-0ECB-4B06-9D05-3739C291CC40}
	EndGlobalSection
EndGlobal
